
Microsoft Visual Studio Solution File, Format Version 12.00
# Visual Studio 15
VisualStudioVersion = 15.0.28307.489
MinimumVisualStudioVersion = 10.0.40219.1
Project("{9A19103F-16F7-4668-BE54-9A1E7A4F7556}") = "Soneta.Examples", "Soneta.Examples\Soneta.Examples.csproj", "{2DEE4EE5-DF48-480F-981C-5C9DC4F43F58}"
EndProject
Global
	GlobalSection(SolutionConfigurationPlatforms) = preSolution
		Debug|Any CPU = Debug|Any CPU
		Release|Any CPU = Release|Any CPU
	EndGlobalSection
	GlobalSection(ProjectConfigurationPlatforms) = postSolution
		{2DEE4EE5-DF48-480F-981C-5C9DC4F43F58}.Debug|Any CPU.ActiveCfg = Debug|Any CPU
		{2DEE4EE5-DF48-480F-981C-5C9DC4F43F58}.Debug|Any CPU.Build.0 = Debug|Any CPU
		{2DEE4EE5-DF48-480F-981C-5C9DC4F43F58}.Release|Any CPU.ActiveCfg = Release|Any CPU
		{2DEE4EE5-DF48-480F-981C-5C9DC4F43F58}.Release|Any CPU.Build.0 = Release|Any CPU
	EndGlobalSection
	GlobalSection(SolutionProperties) = preSolution
		HideSolutionNode = FALSE
	EndGlobalSection
	GlobalSection(ExtensibilityGlobals) = postSolution
		SolutionGuid = {4E4E5BFF-E260-45F2-8DFD-FF862FC787FD}
	EndGlobalSection
EndGlobal
